
Microsoft Visual Studio Solution File, Format Version 12.00
# Visual Studio Version 17
VisualStudioVersion = 17.4.33213.308
MinimumVisualStudioVersion = 10.0.40219.1
Project("{9A19103F-16F7-4668-BE54-9A1E7A4F7556}") = "PersonalWeb.DataLayer", "PersonalWeb.DataLayer\PersonalWeb.DataLayer.csproj", "{1F866781-C109-4095-B237-0517C74514DE}"
EndProject
Project("{9A19103F-16F7-4668-BE54-9A1E7A4F7556}") = "PersonalWeb.BusinessLayer", "PersonalWeb.BusinessLayer\PersonalWeb.BusinessLayer.csproj", "{562E4BE9-210D-4D94-A548-7991D9265236}"
EndProject
Project("{9A19103F-16F7-4668-BE54-9A1E7A4F7556}") = "PersonalWebApi", "PersonalWebApi\PersonalWebApi.csproj", "{2732C4A8-F50E-40A5-A739-6AE794A1D35F}"
EndProject
Global
	GlobalSection(SolutionConfigurationPlatforms) = preSolution
		Debug|Any CPU = Debug|Any CPU
		Release|Any CPU = Release|Any CPU
	EndGlobalSection
	GlobalSection(ProjectConfigurationPlatforms) = postSolution
		{1F866781-C109-4095-B237-0517C74514DE}.Debug|Any CPU.ActiveCfg = Debug|Any CPU
		{1F866781-C109-4095-B237-0517C74514DE}.Debug|Any CPU.Build.0 = Debug|Any CPU
		{1F866781-C109-4095-B237-0517C74514DE}.Release|Any CPU.ActiveCfg = Release|Any CPU
		{1F866781-C109-4095-B237-0517C74514DE}.Release|Any CPU.Build.0 = Release|Any CPU
		{562E4BE9-210D-4D94-A548-7991D9265236}.Debug|Any CPU.ActiveCfg = Debug|Any CPU
		{562E4BE9-210D-4D94-A548-7991D9265236}.Debug|Any CPU.Build.0 = Debug|Any CPU
		{562E4BE9-210D-4D94-A548-7991D9265236}.Release|Any CPU.ActiveCfg = Release|Any CPU
		{562E4BE9-210D-4D94-A548-7991D9265236}.Release|Any CPU.Build.0 = Release|Any CPU
		{2732C4A8-F50E-40A5-A739-6AE794A1D35F}.Debug|Any CPU.ActiveCfg = Debug|Any CPU
		{2732C4A8-F50E-40A5-A739-6AE794A1D35F}.Debug|Any CPU.Build.0 = Debug|Any CPU
		{2732C4A8-F50E-40A5-A739-6AE794A1D35F}.Release|Any CPU.ActiveCfg = Release|Any CPU
		{2732C4A8-F50E-40A5-A739-6AE794A1D35F}.Release|Any CPU.Build.0 = Release|Any CPU
	EndGlobalSection
	GlobalSection(SolutionProperties) = preSolution
		HideSolutionNode = FALSE
	EndGlobalSection
	GlobalSection(ExtensibilityGlobals) = postSolution
		SolutionGuid = {89B5D0AB-03E6-4901-ABF0-223C7BD1DC7F}
	EndGlobalSection
EndGlobal
